
Microsoft Visual Studio Solution File, Format Version 12.00
# Visual Studio Version 17
VisualStudioVersion = 17.4.33403.182
MinimumVisualStudioVersion = 10.0.40219.1
Project("{2150E333-8FDC-42A3-9474-1A3956D46DE8}") = "src", "src", "{4AD47DEE-4FB8-4962-BDF1-084015C0B80B}"
EndProject
Project("{2150E333-8FDC-42A3-9474-1A3956D46DE8}") = "Api", "Api", "{C965804C-92A5-47C6-B82E-4D2215DF90E1}"
EndProject
Project("{2150E333-8FDC-42A3-9474-1A3956D46DE8}") = "Clients", "Clients", "{97082D6D-6DC5-4EF0-809F-5030EEE16298}"
EndProject
Project("{2150E333-8FDC-42A3-9474-1A3956D46DE8}") = "Common", "Common", "{247C6025-F50B-4F8F-900A-BC58A6BEBA9D}"
EndProject
Project("{2150E333-8FDC-42A3-9474-1A3956D46DE8}") = "Projections", "Projections", "{3CF891E9-0A63-4225-97E4-0D0446E21E18}"
EndProject
Project("{2150E333-8FDC-42A3-9474-1A3956D46DE8}") = "WebApi", "WebApi", "{6021CEAA-0CEF-4A2A-B073-838CFC0B9814}"
EndProject
Project("{2150E333-8FDC-42A3-9474-1A3956D46DE8}") = "Core", "Core", "{7FA60F25-193D-49A1-94B8-33EE75DB712E}"
EndProject
Project("{2150E333-8FDC-42A3-9474-1A3956D46DE8}") = "Infrastucture", "Infrastucture", "{143D583B-3BEE-4203-B6C8-792B807BE4F4}"
EndProject
Project("{2150E333-8FDC-42A3-9474-1A3956D46DE8}") = "BlazorWeb", "BlazorWeb", "{C1312FB5-3802-441B-860F-72A0D6D72B24}"
EndProject
Project("{9A19103F-16F7-4668-BE54-9A1E7A4F7556}") = "BlazorSozluk.Common", "src\Common\BlazorSozluk.Common\BlazorSozluk.Common.csproj", "{1E67A72F-A788-47A9-BAB0-85CAACC607E8}"
EndProject
Project("{9A19103F-16F7-4668-BE54-9A1E7A4F7556}") = "BlazorSozluk.Api.Domain", "src\Api\Core\BlazorSozluk.Api.Domain\BlazorSozluk.Api.Domain.csproj", "{B096B43F-72B5-4C9A-AE5D-83453C225236}"
EndProject
Project("{9A19103F-16F7-4668-BE54-9A1E7A4F7556}") = "BlazorSozluk.Api.Application", "src\Api\Core\BlazorSozluk.Api.Application\BlazorSozluk.Api.Application.csproj", "{6BC4674B-A5DB-43E0-A8DD-B5C0B5BD7F64}"
EndProject
Project("{9A19103F-16F7-4668-BE54-9A1E7A4F7556}") = "BlazorSozluk.Infrastucture.Persistence", "src\Api\Infrastucture\BlazorSozluk.Infrastucture.Persistence\BlazorSozluk.Infrastucture.Persistence.csproj", "{E38DCAAA-E47F-4D4B-8119-A31EFF514417}"
EndProject
Project("{9A19103F-16F7-4668-BE54-9A1E7A4F7556}") = "BlazorSozluk.Api.WebApi", "src\Api\WebApi\BlazorSozluk.Api.WebApi\BlazorSozluk.Api.WebApi.csproj", "{0BB9C4B4-4E7B-432E-9C87-E8373C4A1109}"
EndProject
Project("{9A19103F-16F7-4668-BE54-9A1E7A4F7556}") = "BlazorSozluk.Projections.FavoriteService", "src\Projections\BlazorSozluk.Projections.FavoriteService\BlazorSozluk.Projections.FavoriteService.csproj", "{73CCB3A9-924D-43D4-AD53-29525D58FBB0}"
EndProject
Project("{9A19103F-16F7-4668-BE54-9A1E7A4F7556}") = "BlazorSozluk.Projections.UserService", "src\Projections\BlazorSozluk.Projections.UserService\BlazorSozluk.Projections.UserService.csproj", "{6044498E-14E7-49B6-9A4D-592D6CE6E1FE}"
EndProject
Project("{9A19103F-16F7-4668-BE54-9A1E7A4F7556}") = "BlazorSozluk.Projections.VoteService", "src\Projections\BlazorSozluk.Projections.VoteService\BlazorSozluk.Projections.VoteService.csproj", "{28BA2930-B5C3-4AE8-8184-443DF561D37B}"
EndProject
Project("{9A19103F-16F7-4668-BE54-9A1E7A4F7556}") = "BlazorSozluk.WebApp", "src\Clients\BlazorWeb\BlazorSozluk.WebApp\BlazorSozluk.WebApp.csproj", "{6D04248D-7EEC-486D-88CC-14B4C1EF2642}"
EndProject
Global
	GlobalSection(SolutionConfigurationPlatforms) = preSolution
		Debug|Any CPU = Debug|Any CPU
		Release|Any CPU = Release|Any CPU
	EndGlobalSection
	GlobalSection(ProjectConfigurationPlatforms) = postSolution
		{1E67A72F-A788-47A9-BAB0-85CAACC607E8}.Debug|Any CPU.ActiveCfg = Debug|Any CPU
		{1E67A72F-A788-47A9-BAB0-85CAACC607E8}.Debug|Any CPU.Build.0 = Debug|Any CPU
		{1E67A72F-A788-47A9-BAB0-85CAACC607E8}.Release|Any CPU.ActiveCfg = Release|Any CPU
		{1E67A72F-A788-47A9-BAB0-85CAACC607E8}.Release|Any CPU.Build.0 = Release|Any CPU
		{B096B43F-72B5-4C9A-AE5D-83453C225236}.Debug|Any CPU.ActiveCfg = Debug|Any CPU
		{B096B43F-72B5-4C9A-AE5D-83453C225236}.Debug|Any CPU.Build.0 = Debug|Any CPU
		{B096B43F-72B5-4C9A-AE5D-83453C225236}.Release|Any CPU.ActiveCfg = Release|Any CPU
		{B096B43F-72B5-4C9A-AE5D-83453C225236}.Release|Any CPU.Build.0 = Release|Any CPU
		{6BC4674B-A5DB-43E0-A8DD-B5C0B5BD7F64}.Debug|Any CPU.ActiveCfg = Debug|Any CPU
		{6BC4674B-A5DB-43E0-A8DD-B5C0B5BD7F64}.Debug|Any CPU.Build.0 = Debug|Any CPU
		{6BC4674B-A5DB-43E0-A8DD-B5C0B5BD7F64}.Release|Any CPU.ActiveCfg = Release|Any CPU
		{6BC4674B-A5DB-43E0-A8DD-B5C0B5BD7F64}.Release|Any CPU.Build.0 = Release|Any CPU
		{E38DCAAA-E47F-4D4B-8119-A31EFF514417}.Debug|Any CPU.ActiveCfg = Debug|Any CPU
		{E38DCAAA-E47F-4D4B-8119-A31EFF514417}.Debug|Any CPU.Build.0 = Debug|Any CPU
		{E38DCAAA-E47F-4D4B-8119-A31EFF514417}.Release|Any CPU.ActiveCfg = Release|Any CPU
		{E38DCAAA-E47F-4D4B-8119-A31EFF514417}.Release|Any CPU.Build.0 = Release|Any CPU
		{0BB9C4B4-4E7B-432E-9C87-E8373C4A1109}.Debug|Any CPU.ActiveCfg = Debug|Any CPU
		{0BB9C4B4-4E7B-432E-9C87-E8373C4A1109}.Debug|Any CPU.Build.0 = Debug|Any CPU
		{0BB9C4B4-4E7B-432E-9C87-E8373C4A1109}.Release|Any CPU.ActiveCfg = Release|Any CPU
		{0BB9C4B4-4E7B-432E-9C87-E8373C4A1109}.Release|Any CPU.Build.0 = Release|Any CPU
		{73CCB3A9-924D-43D4-AD53-29525D58FBB0}.Debug|Any CPU.ActiveCfg = Debug|Any CPU
		{73CCB3A9-924D-43D4-AD53-29525D58FBB0}.Debug|Any CPU.Build.0 = Debug|Any CPU
		{73CCB3A9-924D-43D4-AD53-29525D58FBB0}.Release|Any CPU.ActiveCfg = Release|Any CPU
		{73CCB3A9-924D-43D4-AD53-29525D58FBB0}.Release|Any CPU.Build.0 = Release|Any CPU
		{6044498E-14E7-49B6-9A4D-592D6CE6E1FE}.Debug|Any CPU.ActiveCfg = Debug|Any CPU
		{6044498E-14E7-49B6-9A4D-592D6CE6E1FE}.Debug|Any CPU.Build.0 = Debug|Any CPU
		{6044498E-14E7-49B6-9A4D-592D6CE6E1FE}.Release|Any CPU.ActiveCfg = Release|Any CPU
		{6044498E-14E7-49B6-9A4D-592D6CE6E1FE}.Release|Any CPU.Build.0 = Release|Any CPU
		{28BA2930-B5C3-4AE8-8184-443DF561D37B}.Debug|Any CPU.ActiveCfg = Debug|Any CPU
		{28BA2930-B5C3-4AE8-8184-443DF561D37B}.Debug|Any CPU.Build.0 = Debug|Any CPU
		{28BA2930-B5C3-4AE8-8184-443DF561D37B}.Release|Any CPU.ActiveCfg = Release|Any CPU
		{28BA2930-B5C3-4AE8-8184-443DF561D37B}.Release|Any CPU.Build.0 = Release|Any CPU
		{6D04248D-7EEC-486D-88CC-14B4C1EF2642}.Debug|Any CPU.ActiveCfg = Debug|Any CPU
		{6D04248D-7EEC-486D-88CC-14B4C1EF2642}.Debug|Any CPU.Build.0 = Debug|Any CPU
		{6D04248D-7EEC-486D-88CC-14B4C1EF2642}.Release|Any CPU.ActiveCfg = Release|Any CPU
		{6D04248D-7EEC-486D-88CC-14B4C1EF2642}.Release|Any CPU.Build.0 = Release|Any CPU
	EndGlobalSection
	GlobalSection(SolutionProperties) = preSolution
		HideSolutionNode = FALSE
	EndGlobalSection
	GlobalSection(NestedProjects) = preSolution
		{C965804C-92A5-47C6-B82E-4D2215DF90E1} = {4AD47DEE-4FB8-4962-BDF1-084015C0B80B}
		{97082D6D-6DC5-4EF0-809F-5030EEE16298} = {4AD47DEE-4FB8-4962-BDF1-084015C0B80B}
		{247C6025-F50B-4F8F-900A-BC58A6BEBA9D} = {4AD47DEE-4FB8-4962-BDF1-084015C0B80B}
		{3CF891E9-0A63-4225-97E4-0D0446E21E18} = {4AD47DEE-4FB8-4962-BDF1-084015C0B80B}
		{6021CEAA-0CEF-4A2A-B073-838CFC0B9814} = {C965804C-92A5-47C6-B82E-4D2215DF90E1}
		{7FA60F25-193D-49A1-94B8-33EE75DB712E} = {C965804C-92A5-47C6-B82E-4D2215DF90E1}
		{143D583B-3BEE-4203-B6C8-792B807BE4F4} = {C965804C-92A5-47C6-B82E-4D2215DF90E1}
		{C1312FB5-3802-441B-860F-72A0D6D72B24} = {97082D6D-6DC5-4EF0-809F-5030EEE16298}
		{1E67A72F-A788-47A9-BAB0-85CAACC607E8} = {247C6025-F50B-4F8F-900A-BC58A6BEBA9D}
		{B096B43F-72B5-4C9A-AE5D-83453C225236} = {7FA60F25-193D-49A1-94B8-33EE75DB712E}
		{6BC4674B-A5DB-43E0-A8DD-B5C0B5BD7F64} = {7FA60F25-193D-49A1-94B8-33EE75DB712E}
		{E38DCAAA-E47F-4D4B-8119-A31EFF514417} = {143D583B-3BEE-4203-B6C8-792B807BE4F4}
		{0BB9C4B4-4E7B-432E-9C87-E8373C4A1109} = {6021CEAA-0CEF-4A2A-B073-838CFC0B9814}
		{73CCB3A9-924D-43D4-AD53-29525D58FBB0} = {3CF891E9-0A63-4225-97E4-0D0446E21E18}
		{6044498E-14E7-49B6-9A4D-592D6CE6E1FE} = {3CF891E9-0A63-4225-97E4-0D0446E21E18}
		{28BA2930-B5C3-4AE8-8184-443DF561D37B} = {3CF891E9-0A63-4225-97E4-0D0446E21E18}
		{6D04248D-7EEC-486D-88CC-14B4C1EF2642} = {C1312FB5-3802-441B-860F-72A0D6D72B24}
	EndGlobalSection
	GlobalSection(ExtensibilityGlobals) = postSolution
		SolutionGuid = {05829018-996F-4E6D-AB13-F2AD109C8FC9}
	EndGlobalSection
EndGlobal
