
Microsoft Visual Studio Solution File, Format Version 12.00
# Visual Studio Version 17
VisualStudioVersion = 17.4.33403.182
MinimumVisualStudioVersion = 10.0.40219.1
Project("{2150E333-8FDC-42A3-9474-1A3956D46DE8}") = "src", "src", "{4AD47DEE-4FB8-4962-BDF1-084015C0B80B}"
EndProject
Project("{2150E333-8FDC-42A3-9474-1A3956D46DE8}") = "Common", "Common", "{8714A629-F6F9-4793-97D7-1A2015D1DF5E}"
EndProject
Project("{2150E333-8FDC-42A3-9474-1A3956D46DE8}") = "Api", "Api", "{13C00344-9602-457A-982F-7CEC74BB8DE0}"
EndProject
Project("{2150E333-8FDC-42A3-9474-1A3956D46DE8}") = "Projections", "Projections", "{A05D4177-84AD-4DB1-B5D1-87412647EC58}"
EndProject
Project("{2150E333-8FDC-42A3-9474-1A3956D46DE8}") = "Clients", "Clients", "{F824EE93-2341-4076-8E96-A7AD1823F8E9}"
EndProject
Project("{2150E333-8FDC-42A3-9474-1A3956D46DE8}") = "Infrastucture", "Infrastucture", "{A00A5AFE-2C52-4B29-9C70-629E10AD52E3}"
EndProject
Project("{2150E333-8FDC-42A3-9474-1A3956D46DE8}") = "WebApi", "WebApi", "{2000B547-7EA9-45B2-83EA-B5BB7FF65391}"
EndProject
Project("{2150E333-8FDC-42A3-9474-1A3956D46DE8}") = "Core", "Core", "{E405C4C6-ED7B-4A33-91C5-E576DC765F85}"
EndProject
Project("{2150E333-8FDC-42A3-9474-1A3956D46DE8}") = "BlazorWeb", "BlazorWeb", "{0F7C42BB-D622-4701-84DA-70C23951985F}"
EndProject
Project("{FAE04EC0-301F-11D3-BF4B-00C04F79EFBC}") = "BlazorSozluk.Api.Application", "src\Api\Core\BlazorSozluk.Api.Application\BlazorSozluk.Api.Application.csproj", "{F1FBC2F8-BEF0-4A02-B6EE-0F0131E018D0}"
EndProject
Project("{FAE04EC0-301F-11D3-BF4B-00C04F79EFBC}") = "BlazorSozluk.Api.Domain", "src\Api\Core\BlazorSozluk.Api.Domain\BlazorSozluk.Api.Domain.csproj", "{36C13184-8419-43AF-B05F-7DD07573CB9D}"
EndProject
Project("{FAE04EC0-301F-11D3-BF4B-00C04F79EFBC}") = "BlazorSozluk.Infrastucture.Persistence", "src\Api\Infrastucture\BlazorSozluk.Infrastucture.Persistence\BlazorSozluk.Infrastucture.Persistence.csproj", "{D7C12892-8DAD-48B6-ACB5-90B410530611}"
EndProject
Project("{FAE04EC0-301F-11D3-BF4B-00C04F79EFBC}") = "BlazorSozluk.WebApi.Api", "src\Api\WebApi\BlazorSozluk.WebApi.Api\BlazorSozluk.WebApi.Api.csproj", "{EB445701-0120-4596-BDED-1426A82E83EB}"
EndProject
Project("{FAE04EC0-301F-11D3-BF4B-00C04F79EFBC}") = "BlazorSozluk.Common", "src\Common\BlazorSozluk.Common\BlazorSozluk.Common.csproj", "{FC0519FC-7243-442A-8F9D-9298B082FF93}"
EndProject
Project("{FAE04EC0-301F-11D3-BF4B-00C04F79EFBC}") = "BlazorSozluk.Projections.UserService", "src\Projections\BlazorSozluk.Projections.UserService\BlazorSozluk.Projections.UserService.csproj", "{14FC76FA-52C0-4749-B296-3B663668545C}"
EndProject
Project("{FAE04EC0-301F-11D3-BF4B-00C04F79EFBC}") = "BlazorSozluk.Projections.FavoriteService", "src\Projections\BlazorSozluk.Projections.FavoriteService\BlazorSozluk.Projections.FavoriteService.csproj", "{3A2F958B-E08B-4494-93A3-7CA6B2582D7D}"
EndProject
Project("{FAE04EC0-301F-11D3-BF4B-00C04F79EFBC}") = "BlazorSozluk.Projections.VoteService", "src\Projections\BlazorSozluk.Projections.VoteService\BlazorSozluk.Projections.VoteService.csproj", "{E502ADC2-98CC-443E-9118-45EA64AA07FA}"
EndProject
Project("{FAE04EC0-301F-11D3-BF4B-00C04F79EFBC}") = "BlazorSozluk.WebApp", "src\Clients\BlazorWeb\BlazorSozluk.WebApp\BlazorSozluk.WebApp.csproj", "{BCC1A538-6178-480F-AEDB-47D41797267D}"
EndProject
Global
	GlobalSection(SolutionConfigurationPlatforms) = preSolution
		Debug|Any CPU = Debug|Any CPU
		Release|Any CPU = Release|Any CPU
	EndGlobalSection
	GlobalSection(ProjectConfigurationPlatforms) = postSolution
		{F1FBC2F8-BEF0-4A02-B6EE-0F0131E018D0}.Debug|Any CPU.ActiveCfg = Debug|Any CPU
		{F1FBC2F8-BEF0-4A02-B6EE-0F0131E018D0}.Debug|Any CPU.Build.0 = Debug|Any CPU
		{F1FBC2F8-BEF0-4A02-B6EE-0F0131E018D0}.Release|Any CPU.ActiveCfg = Release|Any CPU
		{F1FBC2F8-BEF0-4A02-B6EE-0F0131E018D0}.Release|Any CPU.Build.0 = Release|Any CPU
		{36C13184-8419-43AF-B05F-7DD07573CB9D}.Debug|Any CPU.ActiveCfg = Debug|Any CPU
		{36C13184-8419-43AF-B05F-7DD07573CB9D}.Debug|Any CPU.Build.0 = Debug|Any CPU
		{36C13184-8419-43AF-B05F-7DD07573CB9D}.Release|Any CPU.ActiveCfg = Release|Any CPU
		{36C13184-8419-43AF-B05F-7DD07573CB9D}.Release|Any CPU.Build.0 = Release|Any CPU
		{D7C12892-8DAD-48B6-ACB5-90B410530611}.Debug|Any CPU.ActiveCfg = Debug|Any CPU
		{D7C12892-8DAD-48B6-ACB5-90B410530611}.Debug|Any CPU.Build.0 = Debug|Any CPU
		{D7C12892-8DAD-48B6-ACB5-90B410530611}.Release|Any CPU.ActiveCfg = Release|Any CPU
		{D7C12892-8DAD-48B6-ACB5-90B410530611}.Release|Any CPU.Build.0 = Release|Any CPU
		{EB445701-0120-4596-BDED-1426A82E83EB}.Debug|Any CPU.ActiveCfg = Debug|Any CPU
		{EB445701-0120-4596-BDED-1426A82E83EB}.Debug|Any CPU.Build.0 = Debug|Any CPU
		{EB445701-0120-4596-BDED-1426A82E83EB}.Release|Any CPU.ActiveCfg = Release|Any CPU
		{EB445701-0120-4596-BDED-1426A82E83EB}.Release|Any CPU.Build.0 = Release|Any CPU
		{FC0519FC-7243-442A-8F9D-9298B082FF93}.Debug|Any CPU.ActiveCfg = Debug|Any CPU
		{FC0519FC-7243-442A-8F9D-9298B082FF93}.Debug|Any CPU.Build.0 = Debug|Any CPU
		{FC0519FC-7243-442A-8F9D-9298B082FF93}.Release|Any CPU.ActiveCfg = Release|Any CPU
		{FC0519FC-7243-442A-8F9D-9298B082FF93}.Release|Any CPU.Build.0 = Release|Any CPU
		{14FC76FA-52C0-4749-B296-3B663668545C}.Debug|Any CPU.ActiveCfg = Debug|Any CPU
		{14FC76FA-52C0-4749-B296-3B663668545C}.Debug|Any CPU.Build.0 = Debug|Any CPU
		{14FC76FA-52C0-4749-B296-3B663668545C}.Release|Any CPU.ActiveCfg = Release|Any CPU
		{14FC76FA-52C0-4749-B296-3B663668545C}.Release|Any CPU.Build.0 = Release|Any CPU
		{3A2F958B-E08B-4494-93A3-7CA6B2582D7D}.Debug|Any CPU.ActiveCfg = Debug|Any CPU
		{3A2F958B-E08B-4494-93A3-7CA6B2582D7D}.Debug|Any CPU.Build.0 = Debug|Any CPU
		{3A2F958B-E08B-4494-93A3-7CA6B2582D7D}.Release|Any CPU.ActiveCfg = Release|Any CPU
		{3A2F958B-E08B-4494-93A3-7CA6B2582D7D}.Release|Any CPU.Build.0 = Release|Any CPU
		{E502ADC2-98CC-443E-9118-45EA64AA07FA}.Debug|Any CPU.ActiveCfg = Debug|Any CPU
		{E502ADC2-98CC-443E-9118-45EA64AA07FA}.Debug|Any CPU.Build.0 = Debug|Any CPU
		{E502ADC2-98CC-443E-9118-45EA64AA07FA}.Release|Any CPU.ActiveCfg = Release|Any CPU
		{E502ADC2-98CC-443E-9118-45EA64AA07FA}.Release|Any CPU.Build.0 = Release|Any CPU
		{BCC1A538-6178-480F-AEDB-47D41797267D}.Debug|Any CPU.ActiveCfg = Debug|Any CPU
		{BCC1A538-6178-480F-AEDB-47D41797267D}.Debug|Any CPU.Build.0 = Debug|Any CPU
		{BCC1A538-6178-480F-AEDB-47D41797267D}.Release|Any CPU.ActiveCfg = Release|Any CPU
		{BCC1A538-6178-480F-AEDB-47D41797267D}.Release|Any CPU.Build.0 = Release|Any CPU
	EndGlobalSection
	GlobalSection(SolutionProperties) = preSolution
		HideSolutionNode = FALSE
	EndGlobalSection
	GlobalSection(NestedProjects) = preSolution
		{8714A629-F6F9-4793-97D7-1A2015D1DF5E} = {4AD47DEE-4FB8-4962-BDF1-084015C0B80B}
		{13C00344-9602-457A-982F-7CEC74BB8DE0} = {4AD47DEE-4FB8-4962-BDF1-084015C0B80B}
		{A05D4177-84AD-4DB1-B5D1-87412647EC58} = {4AD47DEE-4FB8-4962-BDF1-084015C0B80B}
		{F824EE93-2341-4076-8E96-A7AD1823F8E9} = {4AD47DEE-4FB8-4962-BDF1-084015C0B80B}
		{A00A5AFE-2C52-4B29-9C70-629E10AD52E3} = {13C00344-9602-457A-982F-7CEC74BB8DE0}
		{2000B547-7EA9-45B2-83EA-B5BB7FF65391} = {13C00344-9602-457A-982F-7CEC74BB8DE0}
		{E405C4C6-ED7B-4A33-91C5-E576DC765F85} = {13C00344-9602-457A-982F-7CEC74BB8DE0}
		{0F7C42BB-D622-4701-84DA-70C23951985F} = {F824EE93-2341-4076-8E96-A7AD1823F8E9}
		{F1FBC2F8-BEF0-4A02-B6EE-0F0131E018D0} = {E405C4C6-ED7B-4A33-91C5-E576DC765F85}
		{36C13184-8419-43AF-B05F-7DD07573CB9D} = {E405C4C6-ED7B-4A33-91C5-E576DC765F85}
		{D7C12892-8DAD-48B6-ACB5-90B410530611} = {A00A5AFE-2C52-4B29-9C70-629E10AD52E3}
		{EB445701-0120-4596-BDED-1426A82E83EB} = {2000B547-7EA9-45B2-83EA-B5BB7FF65391}
		{FC0519FC-7243-442A-8F9D-9298B082FF93} = {8714A629-F6F9-4793-97D7-1A2015D1DF5E}
		{14FC76FA-52C0-4749-B296-3B663668545C} = {A05D4177-84AD-4DB1-B5D1-87412647EC58}
		{3A2F958B-E08B-4494-93A3-7CA6B2582D7D} = {A05D4177-84AD-4DB1-B5D1-87412647EC58}
		{E502ADC2-98CC-443E-9118-45EA64AA07FA} = {A05D4177-84AD-4DB1-B5D1-87412647EC58}
		{BCC1A538-6178-480F-AEDB-47D41797267D} = {0F7C42BB-D622-4701-84DA-70C23951985F}
	EndGlobalSection
	GlobalSection(ExtensibilityGlobals) = postSolution
		SolutionGuid = {05829018-996F-4E6D-AB13-F2AD109C8FC9}
	EndGlobalSection
EndGlobal
